
Microsoft Visual Studio Solution File, Format Version 12.00
# Visual Studio Version 17
VisualStudioVersion = 17.8.34330.188
MinimumVisualStudioVersion = 10.0.40219.1
Project("{8BC9CEB8-8B4A-11D0-8D11-00A0C91BC942}") = "★Windows Console Game", "★Windows Console Game.vcxproj", "{2B0942CE-6B4D-45D4-934E-9F7DBC07B3DF}"
EndProject
Global
	GlobalSection(SolutionConfigurationPlatforms) = preSolution
		Debug|x64 = Debug|x64
		Debug|x86 = Debug|x86
		Release|x64 = Release|x64
		Release|x86 = Release|x86
	EndGlobalSection
	GlobalSection(ProjectConfigurationPlatforms) = postSolution
		{2B0942CE-6B4D-45D4-934E-9F7DBC07B3DF}.Debug|x64.ActiveCfg = Debug|x64
		{2B0942CE-6B4D-45D4-934E-9F7DBC07B3DF}.Debug|x64.Build.0 = Debug|x64
		{2B0942CE-6B4D-45D4-934E-9F7DBC07B3DF}.Debug|x86.ActiveCfg = Debug|Win32
		{2B0942CE-6B4D-45D4-934E-9F7DBC07B3DF}.Debug|x86.Build.0 = Debug|Win32
		{2B0942CE-6B4D-45D4-934E-9F7DBC07B3DF}.Release|x64.ActiveCfg = Release|x64
		{2B0942CE-6B4D-45D4-934E-9F7DBC07B3DF}.Release|x64.Build.0 = Release|x64
		{2B0942CE-6B4D-45D4-934E-9F7DBC07B3DF}.Release|x86.ActiveCfg = Release|Win32
		{2B0942CE-6B4D-45D4-934E-9F7DBC07B3DF}.Release|x86.Build.0 = Release|Win32
	EndGlobalSection
	GlobalSection(SolutionProperties) = preSolution
		HideSolutionNode = FALSE
	EndGlobalSection
	GlobalSection(ExtensibilityGlobals) = postSolution
		SolutionGuid = {54E7C914-AFA0-4C8C-8226-8D81570A99AE}
	EndGlobalSection
EndGlobal
